
Microsoft Visual Studio Solution File, Format Version 12.00
# Visual Studio Version 17
VisualStudioVersion = 17.8.34316.72
MinimumVisualStudioVersion = 10.0.40219.1
Project("{9A19103F-16F7-4668-BE54-9A1E7A4F7556}") = "ListagemDeClientes", "ListagemDeClientes\ListagemDeClientes.csproj", "{012C5AF9-CB9F-414B-8827-9D51DCB38E6D}"
EndProject
Global
	GlobalSection(SolutionConfigurationPlatforms) = preSolution
		Debug|Any CPU = Debug|Any CPU
		Release|Any CPU = Release|Any CPU
	EndGlobalSection
	GlobalSection(ProjectConfigurationPlatforms) = postSolution
		{012C5AF9-CB9F-414B-8827-9D51DCB38E6D}.Debug|Any CPU.ActiveCfg = Debug|Any CPU
		{012C5AF9-CB9F-414B-8827-9D51DCB38E6D}.Debug|Any CPU.Build.0 = Debug|Any CPU
		{012C5AF9-CB9F-414B-8827-9D51DCB38E6D}.Release|Any CPU.ActiveCfg = Release|Any CPU
		{012C5AF9-CB9F-414B-8827-9D51DCB38E6D}.Release|Any CPU.Build.0 = Release|Any CPU
	EndGlobalSection
	GlobalSection(SolutionProperties) = preSolution
		HideSolutionNode = FALSE
	EndGlobalSection
	GlobalSection(ExtensibilityGlobals) = postSolution
		SolutionGuid = {98E295F7-AED0-4B3A-B537-AD6BB4485676}
	EndGlobalSection
EndGlobal
